
Microsoft Visual Studio Solution File, Format Version 12.00
# Visual Studio Version 16
VisualStudioVersion = 16.0.29424.173
MinimumVisualStudioVersion = 10.0.40219.1
Project("{FAE04EC0-301F-11D3-BF4B-00C04F79EFBC}") = "ch05-optional-arguments", "ch05-optional-arguments\ch05-optional-arguments.csproj", "{37F96060-C4D3-46AC-8170-33A45FA346F5}"
EndProject
Global
	GlobalSection(SolutionConfigurationPlatforms) = preSolution
		Debug|Any CPU = Debug|Any CPU
		Release|Any CPU = Release|Any CPU
	EndGlobalSection
	GlobalSection(ProjectConfigurationPlatforms) = postSolution
		{37F96060-C4D3-46AC-8170-33A45FA346F5}.Debug|Any CPU.ActiveCfg = Debug|Any CPU
		{37F96060-C4D3-46AC-8170-33A45FA346F5}.Debug|Any CPU.Build.0 = Debug|Any CPU
		{37F96060-C4D3-46AC-8170-33A45FA346F5}.Release|Any CPU.ActiveCfg = Release|Any CPU
		{37F96060-C4D3-46AC-8170-33A45FA346F5}.Release|Any CPU.Build.0 = Release|Any CPU
	EndGlobalSection
	GlobalSection(SolutionProperties) = preSolution
		HideSolutionNode = FALSE
	EndGlobalSection
	GlobalSection(ExtensibilityGlobals) = postSolution
		SolutionGuid = {F0FE9032-8F82-4DF1-93C2-46ED4C8010FD}
	EndGlobalSection
EndGlobal
