
Microsoft Visual Studio Solution File, Format Version 12.00
# Visual Studio Version 16
VisualStudioVersion = 16.0.29424.173
MinimumVisualStudioVersion = 10.0.40219.1
Project("{FAE04EC0-301F-11D3-BF4B-00C04F79EFBC}") = "ch12-list-and-dictionary", "ch12-list-and-dictionary\ch12-list-and-dictionary.csproj", "{34B4B50F-E7A9-4F7B-96EF-EEB9EA23E55A}"
EndProject
Global
	GlobalSection(SolutionConfigurationPlatforms) = preSolution
		Debug|Any CPU = Debug|Any CPU
		Release|Any CPU = Release|Any CPU
	EndGlobalSection
	GlobalSection(ProjectConfigurationPlatforms) = postSolution
		{34B4B50F-E7A9-4F7B-96EF-EEB9EA23E55A}.Debug|Any CPU.ActiveCfg = Debug|Any CPU
		{34B4B50F-E7A9-4F7B-96EF-EEB9EA23E55A}.Debug|Any CPU.Build.0 = Debug|Any CPU
		{34B4B50F-E7A9-4F7B-96EF-EEB9EA23E55A}.Release|Any CPU.ActiveCfg = Release|Any CPU
		{34B4B50F-E7A9-4F7B-96EF-EEB9EA23E55A}.Release|Any CPU.Build.0 = Release|Any CPU
	EndGlobalSection
	GlobalSection(SolutionProperties) = preSolution
		HideSolutionNode = FALSE
	EndGlobalSection
	GlobalSection(ExtensibilityGlobals) = postSolution
		SolutionGuid = {BC27F152-603E-4620-B280-7E770E09BD65}
	EndGlobalSection
EndGlobal
