
Microsoft Visual Studio Solution File, Format Version 12.00
# Visual Studio Version 16
VisualStudioVersion = 16.0.29424.173
MinimumVisualStudioVersion = 10.0.40219.1
Project("{FAE04EC0-301F-11D3-BF4B-00C04F79EFBC}") = "ch07-product-manager", "ch07-product-manager\ch07-product-manager.csproj", "{397A4F29-2D5B-4EF4-858A-7A9E040FD150}"
EndProject
Global
	GlobalSection(SolutionConfigurationPlatforms) = preSolution
		Debug|Any CPU = Debug|Any CPU
		Release|Any CPU = Release|Any CPU
	EndGlobalSection
	GlobalSection(ProjectConfigurationPlatforms) = postSolution
		{397A4F29-2D5B-4EF4-858A-7A9E040FD150}.Debug|Any CPU.ActiveCfg = Debug|Any CPU
		{397A4F29-2D5B-4EF4-858A-7A9E040FD150}.Debug|Any CPU.Build.0 = Debug|Any CPU
		{397A4F29-2D5B-4EF4-858A-7A9E040FD150}.Release|Any CPU.ActiveCfg = Release|Any CPU
		{397A4F29-2D5B-4EF4-858A-7A9E040FD150}.Release|Any CPU.Build.0 = Release|Any CPU
	EndGlobalSection
	GlobalSection(SolutionProperties) = preSolution
		HideSolutionNode = FALSE
	EndGlobalSection
	GlobalSection(ExtensibilityGlobals) = postSolution
		SolutionGuid = {79C18603-0506-41A8-8402-FD050E856614}
	EndGlobalSection
EndGlobal
