
Microsoft Visual Studio Solution File, Format Version 12.00
# Visual Studio Version 16
VisualStudioVersion = 16.0.29424.173
MinimumVisualStudioVersion = 10.0.40219.1
Project("{FAE04EC0-301F-11D3-BF4B-00C04F79EFBC}") = "ch03-round-format", "ch03-round-format\ch03-round-format.csproj", "{14BF0A98-6FDF-42C5-A285-1AED71CCFCF6}"
EndProject
Global
	GlobalSection(SolutionConfigurationPlatforms) = preSolution
		Debug|Any CPU = Debug|Any CPU
		Release|Any CPU = Release|Any CPU
	EndGlobalSection
	GlobalSection(ProjectConfigurationPlatforms) = postSolution
		{14BF0A98-6FDF-42C5-A285-1AED71CCFCF6}.Debug|Any CPU.ActiveCfg = Debug|Any CPU
		{14BF0A98-6FDF-42C5-A285-1AED71CCFCF6}.Debug|Any CPU.Build.0 = Debug|Any CPU
		{14BF0A98-6FDF-42C5-A285-1AED71CCFCF6}.Release|Any CPU.ActiveCfg = Release|Any CPU
		{14BF0A98-6FDF-42C5-A285-1AED71CCFCF6}.Release|Any CPU.Build.0 = Release|Any CPU
	EndGlobalSection
	GlobalSection(SolutionProperties) = preSolution
		HideSolutionNode = FALSE
	EndGlobalSection
	GlobalSection(ExtensibilityGlobals) = postSolution
		SolutionGuid = {EBAC1B4A-9C35-456D-9084-501D3DD716E6}
	EndGlobalSection
EndGlobal
