
Microsoft Visual Studio Solution File, Format Version 12.00
# Visual Studio Version 16
VisualStudioVersion = 16.0.29424.173
MinimumVisualStudioVersion = 10.0.40219.1
Project("{FAE04EC0-301F-11D3-BF4B-00C04F79EFBC}") = "ch11-arrays-demo", "ch11-arrays-demo\ch11-arrays-demo.csproj", "{AA750910-FD81-42E8-B66D-62C1B7DBBDA7}"
EndProject
Global
	GlobalSection(SolutionConfigurationPlatforms) = preSolution
		Debug|Any CPU = Debug|Any CPU
		Release|Any CPU = Release|Any CPU
	EndGlobalSection
	GlobalSection(ProjectConfigurationPlatforms) = postSolution
		{AA750910-FD81-42E8-B66D-62C1B7DBBDA7}.Debug|Any CPU.ActiveCfg = Debug|Any CPU
		{AA750910-FD81-42E8-B66D-62C1B7DBBDA7}.Debug|Any CPU.Build.0 = Debug|Any CPU
		{AA750910-FD81-42E8-B66D-62C1B7DBBDA7}.Release|Any CPU.ActiveCfg = Release|Any CPU
		{AA750910-FD81-42E8-B66D-62C1B7DBBDA7}.Release|Any CPU.Build.0 = Release|Any CPU
	EndGlobalSection
	GlobalSection(SolutionProperties) = preSolution
		HideSolutionNode = FALSE
	EndGlobalSection
	GlobalSection(ExtensibilityGlobals) = postSolution
		SolutionGuid = {579E9BCE-662C-48A0-A23B-BF9F4C50C93D}
	EndGlobalSection
EndGlobal
